{
  "version": 4,
  "terraform_version": "1.15.4",
  "serial": 2,
  "lineage": "3993932b-969f-bbda-ec6c-fff31b869e62",
  "outputs": {},
  "resources": [
    {
      "mode": "managed",
      "type": "minio_s3_bucket",
      "name": "snapvault_bucket",
      "provider": "provider[\"registry.terraform.io/aminueza/minio\"]",
      "instances": [
        {
          "schema_version": 0,
          "attributes": {
            "acl": "private",
            "arn": "arn:aws:s3:::snapvault-photos",
            "bucket": "snapvault-photos",
            "bucket_domain_name": "http://minio:9000/snapvault-photos",
            "bucket_prefix": null,
            "force_destroy": null,
            "id": "snapvault-photos",
            "object_locking": false,
            "quota": null,
            "tags": {}
          },
          "sensitive_attributes": [],
          "identity_schema_version": 0,
          "private": "eyJzY2hlbWFfdmVyc2lvbiI6IjAifQ=="
        }
      ]
    }
  ],
  "check_results": null
}
