{
  "version": 4,
  "terraform_version": "1.15.4",
  "serial": 5,
  "lineage": "3993932b-969f-bbda-ec6c-fff31b869e62",
  "outputs": {},
  "resources": [
    {
      "mode": "managed",
      "type": "minio_s3_bucket",
      "name": "snapvault_bucket",
      "provider": "provider[\"registry.terraform.io/aminueza/minio\"]",
      "instances": [
        {
          "schema_version": 0,
          "attributes": {
            "acl": "public",
            "arn": "arn:aws:s3:::snapvault-photos",
            "bucket": "snapvault-photos",
            "bucket_domain_name": "http://minio:9000/snapvault-photos",
            "bucket_prefix": null,
            "force_destroy": false,
            "id": "snapvault-photos",
            "object_locking": false,
            "quota": null,
            "tags": {}
          },
          "sensitive_attributes": [],
          "identity_schema_version": 0,
          "private": "bnVsbA=="
        }
      ]
    },
    {
      "mode": "managed",
      "type": "minio_s3_bucket_policy",
      "name": "snapvault_policy",
      "provider": "provider[\"registry.terraform.io/aminueza/minio\"]",
      "instances": [
        {
          "schema_version": 0,
          "attributes": {
            "bucket": "snapvault-photos",
            "id": "snapvault-photos",
            "policy": "{\"Statement\":[{\"Action\":[\"s3:GetObject\"],\"Effect\":\"Allow\",\"Principal\":{\"AWS\":[\"*\"]},\"Resource\":[\"arn:aws:s3:::snapvault-photos/*\"],\"Sid\":\"PublicRead\"}],\"Version\":\"2012-10-17\"}",
            "timeouts": null
          },
          "sensitive_attributes": [],
          "identity_schema_version": 0,
          "private": "eyJlMmJmYjczMC1lY2FhLTExZTYtOGY4OC0zNDM2M2JjN2M0YzAiOnsiY3JlYXRlIjozMDAwMDAwMDAwMDAsImRlbGV0ZSI6MzAwMDAwMDAwMDAwLCJyZWFkIjoxMjAwMDAwMDAwMDAsInVwZGF0ZSI6MzAwMDAwMDAwMDAwfX0=",
          "dependencies": [
            "minio_s3_bucket.snapvault_bucket"
          ]
        }
      ]
    }
  ],
  "check_results": null
}
